
Microsoft Visual Studio Solution File, Format Version 12.00
# Visual Studio Version 16
VisualStudioVersion = 16.0.30413.136
MinimumVisualStudioVersion = 10.0.40219.1
Project("{FAE04EC0-301F-11D3-BF4B-00C04F79EFBC}") = "LoginSystem.Domain", "LoginSystem.Domain\LoginSystem.Domain.csproj", "{DBCD5742-F08F-403B-B5CF-DB47CBF23F6D}"
EndProject
Project("{FAE04EC0-301F-11D3-BF4B-00C04F79EFBC}") = "LoginSystem.Persistence", "LoginSystem.Persistence\LoginSystem.Persistence.csproj", "{3CBE1AFC-B5F3-40D2-B58E-EF19F9C834A2}"
EndProject
Project("{FAE04EC0-301F-11D3-BF4B-00C04F79EFBC}") = "LoginSystem.WPF", "LoginSystem.WPF\LoginSystem.WPF.csproj", "{8E554AE3-AA94-48AE-AFF3-2C6D8826ADFE}"
EndProject
Global
	GlobalSection(SolutionConfigurationPlatforms) = preSolution
		Debug|Any CPU = Debug|Any CPU
		Release|Any CPU = Release|Any CPU
	EndGlobalSection
	GlobalSection(ProjectConfigurationPlatforms) = postSolution
		{DBCD5742-F08F-403B-B5CF-DB47CBF23F6D}.Debug|Any CPU.ActiveCfg = Debug|Any CPU
		{DBCD5742-F08F-403B-B5CF-DB47CBF23F6D}.Debug|Any CPU.Build.0 = Debug|Any CPU
		{DBCD5742-F08F-403B-B5CF-DB47CBF23F6D}.Release|Any CPU.ActiveCfg = Release|Any CPU
		{DBCD5742-F08F-403B-B5CF-DB47CBF23F6D}.Release|Any CPU.Build.0 = Release|Any CPU
		{3CBE1AFC-B5F3-40D2-B58E-EF19F9C834A2}.Debug|Any CPU.ActiveCfg = Debug|Any CPU
		{3CBE1AFC-B5F3-40D2-B58E-EF19F9C834A2}.Debug|Any CPU.Build.0 = Debug|Any CPU
		{3CBE1AFC-B5F3-40D2-B58E-EF19F9C834A2}.Release|Any CPU.ActiveCfg = Release|Any CPU
		{3CBE1AFC-B5F3-40D2-B58E-EF19F9C834A2}.Release|Any CPU.Build.0 = Release|Any CPU
		{8E554AE3-AA94-48AE-AFF3-2C6D8826ADFE}.Debug|Any CPU.ActiveCfg = Debug|Any CPU
		{8E554AE3-AA94-48AE-AFF3-2C6D8826ADFE}.Debug|Any CPU.Build.0 = Debug|Any CPU
		{8E554AE3-AA94-48AE-AFF3-2C6D8826ADFE}.Release|Any CPU.ActiveCfg = Release|Any CPU
		{8E554AE3-AA94-48AE-AFF3-2C6D8826ADFE}.Release|Any CPU.Build.0 = Release|Any CPU
	EndGlobalSection
	GlobalSection(SolutionProperties) = preSolution
		HideSolutionNode = FALSE
	EndGlobalSection
	GlobalSection(ExtensibilityGlobals) = postSolution
		SolutionGuid = {5F5409BD-3899-4CFA-94CB-5A62A5802A3E}
	EndGlobalSection
EndGlobal
